github.com/gorilla/mux v1.7.1 h1:Dw4jY2nghMMRsh1ol8dv1axHkDwMQK2DHerMNJsIpJU=
github.com/gorilla/mux v1.7.1/go.mod h1:1lud6UwP+6orDFRuTfBEV8e9/aOM/c4fVVCaMa2zaAs=
github.com/mitchellh/mapstructure v1.1.2 h1:fmNYVwqnSfB9mZU6OS2O6GsXM+wcskZDuKQzvN1EDeE=
github.com/mitchellh/mapstructure v1.1.2/go.mod h1:FVVH3fgwuzCH5S8UJGiWEs2h04kUh9fWfEaFds41c1Y=
github.com/teejays/clog v0.0.0-20181107215916-71000d459f17 h1:RvR224w0psQD5ZVw4CLHMIbfBVjrsm27ETnHXt7Bilg=
github.com/teejays/clog v0.0.0-20181107215916-71000d459f17/go.mod h1:dcMcIXOmrb2E1KjdiZZfE+Kjh+G+SLfkmwv+uIc+3QU=
github.com/teejays/gofiledb v0.0.0-20181108173333-86536f18b499 h1:CK3SFvsp2NeGP/OHdsAlPOMA2npC0+E+ThkhXSuBe7Y=
github.com/teejays/gofiledb v0.0.0-20181108173333-86536f18b499/go.mod h1:RSjP6gCLgV5zdg5oruPgg5P4IZcDZRETF2i9VCjbmbg=
